{
  "version": 4,
  "terraform_version": "1.2.5",
  "serial": 5,
  "lineage": "5bfca189-ce53-25f6-4a94-b17ee69dbb68",
  "outputs": {},
  "resources": [
    {
      "mode": "managed",
      "type": "github_repository",
      "name": "example",
      "provider": "provider[\"registry.terraform.io/integrations/github\"]",
      "instances": [
        {
          "schema_version": 0,
          "attributes": {
            "allow_auto_merge": false,
            "allow_merge_commit": true,
            "allow_rebase_merge": true,
            "allow_squash_merge": true,
            "archive_on_destroy": null,
            "archived": false,
            "auto_init": null,
            "branches": [],
            "default_branch": "main",
            "delete_branch_on_merge": false,
            "description": "My awesome codebase",
            "etag": "W/\"563099d0e3ed5bbffe53b16d2671faf45b5f4afe46bf99047642ffc2e6c16d34\"",
            "full_name": "Maaz-Wahid/terraform-repo",
            "git_clone_url": "git://github.com/Maaz-Wahid/terraform-repo.git",
            "gitignore_template": null,
            "has_downloads": false,
            "has_issues": false,
            "has_projects": false,
            "has_wiki": false,
            "homepage_url": "",
            "html_url": "https://github.com/Maaz-Wahid/terraform-repo",
            "http_clone_url": "https://github.com/Maaz-Wahid/terraform-repo.git",
            "id": "terraform-repo",
            "ignore_vulnerability_alerts_during_read": null,
            "is_template": false,
            "license_template": null,
            "name": "terraform-repo",
            "node_id": "R_kgDOHuHw1A",
            "pages": [],
            "private": true,
            "repo_id": 518123732,
            "ssh_clone_url": "git@github.com:Maaz-Wahid/terraform-repo.git",
            "svn_url": "https://github.com/Maaz-Wahid/terraform-repo",
            "template": [],
            "topics": null,
            "visibility": "private",
            "vulnerability_alerts": false
          },
          "sensitive_attributes": [],
          "private": "bnVsbA=="
        }
      ]
    }
  ]
}
